// !$*UTF8*$!
{
	archiveVersion = 1;
	classes = {
	};
	objectVersion = 56;
	objects = {

/* Begin PBXBuildFile section */
		1138AA452C7F989F0096FCC1 /* RepoWatcherApp.swift in Sources */ = {isa = PBXBuildFile; fileRef = 1138AA442C7F989F0096FCC1 /* RepoWatcherApp.swift */; };
		1138AA472C7F989F0096FCC1 /* ContentView.swift in Sources */ = {isa = PBXBuildFile; fileRef = 1138AA462C7F989F0096FCC1 /* ContentView.swift */; };
		1138AA492C7F98A00096FCC1 /* Assets.xcassets in Resources */ = {isa = PBXBuildFile; fileRef = 1138AA482C7F98A00096FCC1 /* Assets.xcassets */; };
		1138AA4C2C7F98A00096FCC1 /* Preview Assets.xcassets in Resources */ = {isa = PBXBuildFile; fileRef = 1138AA4B2C7F98A00096FCC1 /* Preview Assets.xcassets */; };
		1138AA592C7F98C20096FCC1 /* WidgetKit.framework in Frameworks */ = {isa = PBXBuildFile; fileRef = 1138AA582C7F98C20096FCC1 /* WidgetKit.framework */; };
		1138AA5B2C7F98C20096FCC1 /* SwiftUI.framework in Frameworks */ = {isa = PBXBuildFile; fileRef = 1138AA5A2C7F98C20096FCC1 /* SwiftUI.framework */; };
		1138AA5E2C7F98C20096FCC1 /* WidgetBundle.swift in Sources */ = {isa = PBXBuildFile; fileRef = 1138AA5D2C7F98C20096FCC1 /* WidgetBundle.swift */; };
		1138AA602C7F98C20096FCC1 /* CompactRepoWidget.swift in Sources */ = {isa = PBXBuildFile; fileRef = 1138AA5F2C7F98C20096FCC1 /* CompactRepoWidget.swift */; };
		1138AA622C7F98C40096FCC1 /* Assets.xcassets in Resources */ = {isa = PBXBuildFile; fileRef = 1138AA612C7F98C40096FCC1 /* Assets.xcassets */; };
		1138AA662C7F98C40096FCC1 /* RepoWatcherWidgetExtension.appex in Embed Foundation Extensions */ = {isa = PBXBuildFile; fileRef = 1138AA562C7F98C20096FCC1 /* RepoWatcherWidgetExtension.appex */; settings = {ATTRIBUTES = (RemoveHeadersOnCopy, ); }; };
		1138AA6C2C7F9C300096FCC1 /* Repository.swift in Sources */ = {isa = PBXBuildFile; fileRef = 1138AA6B2C7F9C300096FCC1 /* Repository.swift */; };
		1138AA6E2C7F9E080096FCC1 /* Repository.swift in Sources */ = {isa = PBXBuildFile; fileRef = 1138AA6B2C7F9C300096FCC1 /* Repository.swift */; };
		1138AA702C7FA60B0096FCC1 /* NetworkManager.swift in Sources */ = {isa = PBXBuildFile; fileRef = 1138AA6F2C7FA60B0096FCC1 /* NetworkManager.swift */; };
		1138AA712C7FA60B0096FCC1 /* NetworkManager.swift in Sources */ = {isa = PBXBuildFile; fileRef = 1138AA6F2C7FA60B0096FCC1 /* NetworkManager.swift */; };
		11911AE12C84DF0400937E3F /* Assets.xcassets in Resources */ = {isa = PBXBuildFile; fileRef = 1138AA482C7F98A00096FCC1 /* Assets.xcassets */; };
		11911AE32C84E0EA00937E3F /* RepoMediumView.swift in Sources */ = {isa = PBXBuildFile; fileRef = 11911AE22C84E0EA00937E3F /* RepoMediumView.swift */; };
		11911AE52C84F25600937E3F /* MockData.swift in Sources */ = {isa = PBXBuildFile; fileRef = 11911AE42C84F25600937E3F /* MockData.swift */; };
		11911AE92C84FAAF00937E3F /* ContributorWidget.swift in Sources */ = {isa = PBXBuildFile; fileRef = 11911AE82C84FAAF00937E3F /* ContributorWidget.swift */; };
		11911AEE2C8500EC00937E3F /* LoginView.swift in Sources */ = {isa = PBXBuildFile; fileRef = 11911AED2C8500EC00937E3F /* LoginView.swift */; };
		11911AF02C85057E00937E3F /* AuthenticationContextProvider.swift in Sources */ = {isa = PBXBuildFile; fileRef = 11911AEF2C85057E00937E3F /* AuthenticationContextProvider.swift */; };
		11911AF22C850C5300937E3F /* .env in Resources */ = {isa = PBXBuildFile; fileRef = 11911AF12C850C5300937E3F /* .env */; };
		11911AF32C850C5400937E3F /* .env in Resources */ = {isa = PBXBuildFile; fileRef = 11911AF12C850C5300937E3F /* .env */; };
		11911AF52C850E3A00937E3F /* .gitignore in Resources */ = {isa = PBXBuildFile; fileRef = 11911AF42C850E3A00937E3F /* .gitignore */; };
		11911AF62C850E3A00937E3F /* .gitignore in Resources */ = {isa = PBXBuildFile; fileRef = 11911AF42C850E3A00937E3F /* .gitignore */; };
		11CF0A922C8865C000AD7933 /* ContributorMediumView.swift in Sources */ = {isa = PBXBuildFile; fileRef = 11CF0A912C8865C000AD7933 /* ContributorMediumView.swift */; };
		11CF0A942C8867B400AD7933 /* Contributor.swift in Sources */ = {isa = PBXBuildFile; fileRef = 11CF0A932C8867B400AD7933 /* Contributor.swift */; };
		11CF0A952C8867B400AD7933 /* Contributor.swift in Sources */ = {isa = PBXBuildFile; fileRef = 11CF0A932C8867B400AD7933 /* Contributor.swift */; };
/* End PBXBuildFile section */

/* Begin PBXContainerItemProxy section */
		1138AA642C7F98C40096FCC1 /* PBXContainerItemProxy */ = {
			isa = PBXContainerItemProxy;
			containerPortal = 1138AA392C7F989F0096FCC1 /* Project object */;
			proxyType = 1;
			remoteGlobalIDString = 1138AA552C7F98C20096FCC1;
			remoteInfo = RepoWatcherWidgetExtension;
		};
/* End PBXContainerItemProxy section */

/* Begin PBXCopyFilesBuildPhase section */
		1138AA6A2C7F98C40096FCC1 /* Embed Foundation Extensions */ = {
			isa = PBXCopyFilesBuildPhase;
			buildActionMask = 2147483647;
			dstPath = "";
			dstSubfolderSpec = 13;
			files = (
				1138AA662C7F98C40096FCC1 /* RepoWatcherWidgetExtension.appex in Embed Foundation Extensions */,
			);
			name = "Embed Foundation Extensions";
			runOnlyForDeploymentPostprocessing = 0;
		};
/* End PBXCopyFilesBuildPhase section */

/* Begin PBXFileReference section */
		1138AA412C7F989F0096FCC1 /* RepoWatcher.app */ = {isa = PBXFileReference; explicitFileType = wrapper.application; includeInIndex = 0; path = RepoWatcher.app; sourceTree = BUILT_PRODUCTS_DIR; };
		1138AA442C7F989F0096FCC1 /* RepoWatcherApp.swift */ = {isa = PBXFileReference; lastKnownFileType = sourcecode.swift; path = RepoWatcherApp.swift; sourceTree = "<group>"; };
		1138AA462C7F989F0096FCC1 /* ContentView.swift */ = {isa = PBXFileReference; lastKnownFileType = sourcecode.swift; path = ContentView.swift; sourceTree = "<group>"; };
		1138AA482C7F98A00096FCC1 /* Assets.xcassets */ = {isa = PBXFileReference; lastKnownFileType = folder.assetcatalog; path = Assets.xcassets; sourceTree = "<group>"; };
		1138AA4B2C7F98A00096FCC1 /* Preview Assets.xcassets */ = {isa = PBXFileReference; lastKnownFileType = folder.assetcatalog; path = "Preview Assets.xcassets"; sourceTree = "<group>"; };
		1138AA562C7F98C20096FCC1 /* RepoWatcherWidgetExtension.appex */ = {isa = PBXFileReference; explicitFileType = "wrapper.app-extension"; includeInIndex = 0; path = RepoWatcherWidgetExtension.appex; sourceTree = BUILT_PRODUCTS_DIR; };
		1138AA582C7F98C20096FCC1 /* WidgetKit.framework */ = {isa = PBXFileReference; lastKnownFileType = wrapper.framework; name = WidgetKit.framework; path = System/Library/Frameworks/WidgetKit.framework; sourceTree = SDKROOT; };
		1138AA5A2C7F98C20096FCC1 /* SwiftUI.framework */ = {isa = PBXFileReference; lastKnownFileType = wrapper.framework; name = SwiftUI.framework; path = System/Library/Frameworks/SwiftUI.framework; sourceTree = SDKROOT; };
		1138AA5D2C7F98C20096FCC1 /* WidgetBundle.swift */ = {isa = PBXFileReference; lastKnownFileType = sourcecode.swift; path = WidgetBundle.swift; sourceTree = "<group>"; };
		1138AA5F2C7F98C20096FCC1 /* CompactRepoWidget.swift */ = {isa = PBXFileReference; lastKnownFileType = sourcecode.swift; path = CompactRepoWidget.swift; sourceTree = "<group>"; };
		1138AA612C7F98C40096FCC1 /* Assets.xcassets */ = {isa = PBXFileReference; lastKnownFileType = folder.assetcatalog; path = Assets.xcassets; sourceTree = "<group>"; };
		1138AA632C7F98C40096FCC1 /* Info.plist */ = {isa = PBXFileReference; lastKnownFileType = text.plist.xml; path = Info.plist; sourceTree = "<group>"; };
		1138AA6B2C7F9C300096FCC1 /* Repository.swift */ = {isa = PBXFileReference; lastKnownFileType = sourcecode.swift; path = Repository.swift; sourceTree = "<group>"; };
		1138AA6F2C7FA60B0096FCC1 /* NetworkManager.swift */ = {isa = PBXFileReference; lastKnownFileType = sourcecode.swift; path = NetworkManager.swift; sourceTree = "<group>"; };
		11911AE22C84E0EA00937E3F /* RepoMediumView.swift */ = {isa = PBXFileReference; lastKnownFileType = sourcecode.swift; path = RepoMediumView.swift; sourceTree = "<group>"; };
		11911AE42C84F25600937E3F /* MockData.swift */ = {isa = PBXFileReference; lastKnownFileType = sourcecode.swift; path = MockData.swift; sourceTree = "<group>"; };
		11911AE82C84FAAF00937E3F /* ContributorWidget.swift */ = {isa = PBXFileReference; lastKnownFileType = sourcecode.swift; path = ContributorWidget.swift; sourceTree = "<group>"; };
		11911AEA2C85005D00937E3F /* Info.plist */ = {isa = PBXFileReference; lastKnownFileType = text.plist; path = Info.plist; sourceTree = "<group>"; };
		11911AED2C8500EC00937E3F /* LoginView.swift */ = {isa = PBXFileReference; lastKnownFileType = sourcecode.swift; path = LoginView.swift; sourceTree = "<group>"; };
		11911AEF2C85057E00937E3F /* AuthenticationContextProvider.swift */ = {isa = PBXFileReference; lastKnownFileType = sourcecode.swift; path = AuthenticationContextProvider.swift; sourceTree = "<group>"; };
		11911AF12C850C5300937E3F /* .env */ = {isa = PBXFileReference; lastKnownFileType = text; path = .env; sourceTree = "<group>"; };
		11911AF42C850E3A00937E3F /* .gitignore */ = {isa = PBXFileReference; lastKnownFileType = text; path = .gitignore; sourceTree = "<group>"; };
		11CF0A912C8865C000AD7933 /* ContributorMediumView.swift */ = {isa = PBXFileReference; lastKnownFileType = sourcecode.swift; path = ContributorMediumView.swift; sourceTree = "<group>"; };
		11CF0A932C8867B400AD7933 /* Contributor.swift */ = {isa = PBXFileReference; lastKnownFileType = sourcecode.swift; path = Contributor.swift; sourceTree = "<group>"; };
/* End PBXFileReference section */

/* Begin PBXFrameworksBuildPhase section */
		1138AA3E2C7F989F0096FCC1 /* Frameworks */ = {
			isa = PBXFrameworksBuildPhase;
			buildActionMask = 2147483647;
			files = (
			);
			runOnlyForDeploymentPostprocessing = 0;
		};
		1138AA532C7F98C20096FCC1 /* Frameworks */ = {
			isa = PBXFrameworksBuildPhase;
			buildActionMask = 2147483647;
			files = (
				1138AA5B2C7F98C20096FCC1 /* SwiftUI.framework in Frameworks */,
				1138AA592C7F98C20096FCC1 /* WidgetKit.framework in Frameworks */,
			);
			runOnlyForDeploymentPostprocessing = 0;
		};
/* End PBXFrameworksBuildPhase section */

/* Begin PBXGroup section */
		1138AA382C7F989F0096FCC1 = {
			isa = PBXGroup;
			children = (
				11911AF42C850E3A00937E3F /* .gitignore */,
				11911AF12C850C5300937E3F /* .env */,
				1138AA432C7F989F0096FCC1 /* RepoWatcher */,
				1138AA5C2C7F98C20096FCC1 /* RepoWatcherWidget */,
				1138AA572C7F98C20096FCC1 /* Frameworks */,
				1138AA422C7F989F0096FCC1 /* Products */,
			);
			sourceTree = "<group>";
		};
		1138AA422C7F989F0096FCC1 /* Products */ = {
			isa = PBXGroup;
			children = (
				1138AA412C7F989F0096FCC1 /* RepoWatcher.app */,
				1138AA562C7F98C20096FCC1 /* RepoWatcherWidgetExtension.appex */,
			);
			name = Products;
			sourceTree = "<group>";
		};
		1138AA432C7F989F0096FCC1 /* RepoWatcher */ = {
			isa = PBXGroup;
			children = (
				1138AA442C7F989F0096FCC1 /* RepoWatcherApp.swift */,
				1138AA462C7F989F0096FCC1 /* ContentView.swift */,
				1138AA6B2C7F9C300096FCC1 /* Repository.swift */,
				1138AA6F2C7FA60B0096FCC1 /* NetworkManager.swift */,
				1138AA482C7F98A00096FCC1 /* Assets.xcassets */,
				11911AEA2C85005D00937E3F /* Info.plist */,
				1138AA4A2C7F98A00096FCC1 /* Preview Content */,
				11911AED2C8500EC00937E3F /* LoginView.swift */,
				11911AEF2C85057E00937E3F /* AuthenticationContextProvider.swift */,
				11CF0A932C8867B400AD7933 /* Contributor.swift */,
			);
			path = RepoWatcher;
			sourceTree = "<group>";
		};
		1138AA4A2C7F98A00096FCC1 /* Preview Content */ = {
			isa = PBXGroup;
			children = (
				1138AA4B2C7F98A00096FCC1 /* Preview Assets.xcassets */,
			);
			path = "Preview Content";
			sourceTree = "<group>";
		};
		1138AA572C7F98C20096FCC1 /* Frameworks */ = {
			isa = PBXGroup;
			children = (
				1138AA582C7F98C20096FCC1 /* WidgetKit.framework */,
				1138AA5A2C7F98C20096FCC1 /* SwiftUI.framework */,
			);
			name = Frameworks;
			sourceTree = "<group>";
		};
		1138AA5C2C7F98C20096FCC1 /* RepoWatcherWidget */ = {
			isa = PBXGroup;
			children = (
				1138AA5D2C7F98C20096FCC1 /* WidgetBundle.swift */,
				1138AA5F2C7F98C20096FCC1 /* CompactRepoWidget.swift */,
				11911AE82C84FAAF00937E3F /* ContributorWidget.swift */,
				11911AE22C84E0EA00937E3F /* RepoMediumView.swift */,
				11CF0A912C8865C000AD7933 /* ContributorMediumView.swift */,
				1138AA612C7F98C40096FCC1 /* Assets.xcassets */,
				1138AA632C7F98C40096FCC1 /* Info.plist */,
				11911AE42C84F25600937E3F /* MockData.swift */,
			);
			path = RepoWatcherWidget;
			sourceTree = "<group>";
		};
/* End PBXGroup section */

/* Begin PBXNativeTarget section */
		1138AA402C7F989F0096FCC1 /* RepoWatcher */ = {
			isa = PBXNativeTarget;
			buildConfigurationList = 1138AA4F2C7F98A00096FCC1 /* Build configuration list for PBXNativeTarget "RepoWatcher" */;
			buildPhases = (
				1138AA3D2C7F989F0096FCC1 /* Sources */,
				1138AA3E2C7F989F0096FCC1 /* Frameworks */,
				1138AA3F2C7F989F0096FCC1 /* Resources */,
				1138AA6A2C7F98C40096FCC1 /* Embed Foundation Extensions */,
			);
			buildRules = (
			);
			dependencies = (
				1138AA652C7F98C40096FCC1 /* PBXTargetDependency */,
			);
			name = RepoWatcher;
			productName = RepoWatcher;
			productReference = 1138AA412C7F989F0096FCC1 /* RepoWatcher.app */;
			productType = "com.apple.product-type.application";
		};
		1138AA552C7F98C20096FCC1 /* RepoWatcherWidgetExtension */ = {
			isa = PBXNativeTarget;
			buildConfigurationList = 1138AA672C7F98C40096FCC1 /* Build configuration list for PBXNativeTarget "RepoWatcherWidgetExtension" */;
			buildPhases = (
				1138AA522C7F98C20096FCC1 /* Sources */,
				1138AA532C7F98C20096FCC1 /* Frameworks */,
				1138AA542C7F98C20096FCC1 /* Resources */,
			);
			buildRules = (
			);
			dependencies = (
			);
			name = RepoWatcherWidgetExtension;
			productName = RepoWatcherWidgetExtension;
			productReference = 1138AA562C7F98C20096FCC1 /* RepoWatcherWidgetExtension.appex */;
			productType = "com.apple.product-type.app-extension";
		};
/* End PBXNativeTarget section */

/* Begin PBXProject section */
		1138AA392C7F989F0096FCC1 /* Project object */ = {
			isa = PBXProject;
			attributes = {
				BuildIndependentTargetsInParallel = 1;
				LastSwiftUpdateCheck = 1540;
				LastUpgradeCheck = 1540;
				TargetAttributes = {
					1138AA402C7F989F0096FCC1 = {
						CreatedOnToolsVersion = 15.4;
					};
					1138AA552C7F98C20096FCC1 = {
						CreatedOnToolsVersion = 15.4;
					};
				};
			};
			buildConfigurationList = 1138AA3C2C7F989F0096FCC1 /* Build configuration list for PBXProject "RepoWatcher" */;
			compatibilityVersion = "Xcode 14.0";
			developmentRegion = en;
			hasScannedForEncodings = 0;
			knownRegions = (
				en,
				Base,
			);
			mainGroup = 1138AA382C7F989F0096FCC1;
			productRefGroup = 1138AA422C7F989F0096FCC1 /* Products */;
			projectDirPath = "";
			projectRoot = "";
			targets = (
				1138AA402C7F989F0096FCC1 /* RepoWatcher */,
				1138AA552C7F98C20096FCC1 /* RepoWatcherWidgetExtension */,
			);
		};
/* End PBXProject section */

/* Begin PBXResourcesBuildPhase section */
		1138AA3F2C7F989F0096FCC1 /* Resources */ = {
			isa = PBXResourcesBuildPhase;
			buildActionMask = 2147483647;
			files = (
				11911AF52C850E3A00937E3F /* .gitignore in Resources */,
				11911AF22C850C5300937E3F /* .env in Resources */,
				1138AA4C2C7F98A00096FCC1 /* Preview Assets.xcassets in Resources */,
				1138AA492C7F98A00096FCC1 /* Assets.xcassets in Resources */,
			);
			runOnlyForDeploymentPostprocessing = 0;
		};
		1138AA542C7F98C20096FCC1 /* Resources */ = {
			isa = PBXResourcesBuildPhase;
			buildActionMask = 2147483647;
			files = (
				11911AF62C850E3A00937E3F /* .gitignore in Resources */,
				11911AF32C850C5400937E3F /* .env in Resources */,
				11911AE12C84DF0400937E3F /* Assets.xcassets in Resources */,
				1138AA622C7F98C40096FCC1 /* Assets.xcassets in Resources */,
			);
			runOnlyForDeploymentPostprocessing = 0;
		};
/* End PBXResourcesBuildPhase section */

/* Begin PBXSourcesBuildPhase section */
		1138AA3D2C7F989F0096FCC1 /* Sources */ = {
			isa = PBXSourcesBuildPhase;
			buildActionMask = 2147483647;
			files = (
				1138AA702C7FA60B0096FCC1 /* NetworkManager.swift in Sources */,
				1138AA472C7F989F0096FCC1 /* ContentView.swift in Sources */,
				11CF0A942C8867B400AD7933 /* Contributor.swift in Sources */,
				11911AF02C85057E00937E3F /* AuthenticationContextProvider.swift in Sources */,
				1138AA452C7F989F0096FCC1 /* RepoWatcherApp.swift in Sources */,
				11911AEE2C8500EC00937E3F /* LoginView.swift in Sources */,
				1138AA6C2C7F9C300096FCC1 /* Repository.swift in Sources */,
			);
			runOnlyForDeploymentPostprocessing = 0;
		};
		1138AA522C7F98C20096FCC1 /* Sources */ = {
			isa = PBXSourcesBuildPhase;
			buildActionMask = 2147483647;
			files = (
				11911AE92C84FAAF00937E3F /* ContributorWidget.swift in Sources */,
				11CF0A952C8867B400AD7933 /* Contributor.swift in Sources */,
				1138AA712C7FA60B0096FCC1 /* NetworkManager.swift in Sources */,
				11911AE52C84F25600937E3F /* MockData.swift in Sources */,
				11911AE32C84E0EA00937E3F /* RepoMediumView.swift in Sources */,
				1138AA602C7F98C20096FCC1 /* CompactRepoWidget.swift in Sources */,
				11CF0A922C8865C000AD7933 /* ContributorMediumView.swift in Sources */,
				1138AA5E2C7F98C20096FCC1 /* WidgetBundle.swift in Sources */,
				1138AA6E2C7F9E080096FCC1 /* Repository.swift in Sources */,
			);
			runOnlyForDeploymentPostprocessing = 0;
		};
/* End PBXSourcesBuildPhase section */

/* Begin PBXTargetDependency section */
		1138AA652C7F98C40096FCC1 /* PBXTargetDependency */ = {
			isa = PBXTargetDependency;
			target = 1138AA552C7F98C20096FCC1 /* RepoWatcherWidgetExtension */;
			targetProxy = 1138AA642C7F98C40096FCC1 /* PBXContainerItemProxy */;
		};
/* End PBXTargetDependency section */

/* Begin XCBuildConfiguration section */
		1138AA4D2C7F98A00096FCC1 /* Debug */ = {
			isa = XCBuildConfiguration;
			buildSettings = {
				ALWAYS_SEARCH_USER_PATHS = NO;
				ASSETCATALOG_COMPILER_GENERATE_SWIFT_ASSET_SYMBOL_EXTENSIONS = YES;
				CLANG_ANALYZER_NONNULL = YES;
				CLANG_ANALYZER_NUMBER_OBJECT_CONVERSION = YES_AGGRESSIVE;
				CLANG_CXX_LANGUAGE_STANDARD = "gnu++20";
				CLANG_ENABLE_MODULES = YES;
				CLANG_ENABLE_OBJC_ARC = YES;
				CLANG_ENABLE_OBJC_WEAK = YES;
				CLANG_WARN_BLOCK_CAPTURE_AUTORELEASING = YES;
				CLANG_WARN_BOOL_CONVERSION = YES;
				CLANG_WARN_COMMA = YES;
				CLANG_WARN_CONSTANT_CONVERSION = YES;
				CLANG_WARN_DEPRECATED_OBJC_IMPLEMENTATIONS = YES;
				CLANG_WARN_DIRECT_OBJC_ISA_USAGE = YES_ERROR;
				CLANG_WARN_DOCUMENTATION_COMMENTS = YES;
				CLANG_WARN_EMPTY_BODY = YES;
				CLANG_WARN_ENUM_CONVERSION = YES;
				CLANG_WARN_INFINITE_RECURSION = YES;
				CLANG_WARN_INT_CONVERSION = YES;
				CLANG_WARN_NON_LITERAL_NULL_CONVERSION = YES;
				CLANG_WARN_OBJC_IMPLICIT_RETAIN_SELF = YES;
				CLANG_WARN_OBJC_LITERAL_CONVERSION = YES;
				CLANG_WARN_OBJC_ROOT_CLASS = YES_ERROR;
				CLANG_WARN_QUOTED_INCLUDE_IN_FRAMEWORK_HEADER = YES;
				CLANG_WARN_RANGE_LOOP_ANALYSIS = YES;
				CLANG_WARN_STRICT_PROTOTYPES = YES;
				CLANG_WARN_SUSPICIOUS_MOVE = YES;
				CLANG_WARN_UNGUARDED_AVAILABILITY = YES_AGGRESSIVE;
				CLANG_WARN_UNREACHABLE_CODE = YES;
				CLANG_WARN__DUPLICATE_METHOD_MATCH = YES;
				COPY_PHASE_STRIP = NO;
				DEBUG_INFORMATION_FORMAT = dwarf;
				ENABLE_STRICT_OBJC_MSGSEND = YES;
				ENABLE_TESTABILITY = YES;
				ENABLE_USER_SCRIPT_SANDBOXING = YES;
				GCC_C_LANGUAGE_STANDARD = gnu17;
				GCC_DYNAMIC_NO_PIC = NO;
				GCC_NO_COMMON_BLOCKS = YES;
				GCC_OPTIMIZATION_LEVEL = 0;
				GCC_PREPROCESSOR_DEFINITIONS = (
					"DEBUG=1",
					"$(inherited)",
				);
				GCC_WARN_64_TO_32_BIT_CONVERSION = YES;
				GCC_WARN_ABOUT_RETURN_TYPE = YES_ERROR;
				GCC_WARN_UNDECLARED_SELECTOR = YES;
				GCC_WARN_UNINITIALIZED_AUTOS = YES_AGGRESSIVE;
				GCC_WARN_UNUSED_FUNCTION = YES;
				GCC_WARN_UNUSED_VARIABLE = YES;
				IPHONEOS_DEPLOYMENT_TARGET = 17.5;
				LOCALIZATION_PREFERS_STRING_CATALOGS = YES;
				MTL_ENABLE_DEBUG_INFO = INCLUDE_SOURCE;
				MTL_FAST_MATH = YES;
				ONLY_ACTIVE_ARCH = YES;
				SDKROOT = iphoneos;
				SWIFT_ACTIVE_COMPILATION_CONDITIONS = "DEBUG $(inherited)";
				SWIFT_OPTIMIZATION_LEVEL = "-Onone";
			};
			name = Debug;
		};
		1138AA4E2C7F98A00096FCC1 /* Release */ = {
			isa = XCBuildConfiguration;
			buildSettings = {
				ALWAYS_SEARCH_USER_PATHS = NO;
				ASSETCATALOG_COMPILER_GENERATE_SWIFT_ASSET_SYMBOL_EXTENSIONS = YES;
				CLANG_ANALYZER_NONNULL = YES;
				CLANG_ANALYZER_NUMBER_OBJECT_CONVERSION = YES_AGGRESSIVE;
				CLANG_CXX_LANGUAGE_STANDARD = "gnu++20";
				CLANG_ENABLE_MODULES = YES;
				CLANG_ENABLE_OBJC_ARC = YES;
				CLANG_ENABLE_OBJC_WEAK = YES;
				CLANG_WARN_BLOCK_CAPTURE_AUTORELEASING = YES;
				CLANG_WARN_BOOL_CONVERSION = YES;
				CLANG_WARN_COMMA = YES;
				CLANG_WARN_CONSTANT_CONVERSION = YES;
				CLANG_WARN_DEPRECATED_OBJC_IMPLEMENTATIONS = YES;
				CLANG_WARN_DIRECT_OBJC_ISA_USAGE = YES_ERROR;
				CLANG_WARN_DOCUMENTATION_COMMENTS = YES;
				CLANG_WARN_EMPTY_BODY = YES;
				CLANG_WARN_ENUM_CONVERSION = YES;
				CLANG_WARN_INFINITE_RECURSION = YES;
				CLANG_WARN_INT_CONVERSION = YES;
				CLANG_WARN_NON_LITERAL_NULL_CONVERSION = YES;
				CLANG_WARN_OBJC_IMPLICIT_RETAIN_SELF = YES;
				CLANG_WARN_OBJC_LITERAL_CONVERSION = YES;
				CLANG_WARN_OBJC_ROOT_CLASS = YES_ERROR;
				CLANG_WARN_QUOTED_INCLUDE_IN_FRAMEWORK_HEADER = YES;
				CLANG_WARN_RANGE_LOOP_ANALYSIS = YES;
				CLANG_WARN_STRICT_PROTOTYPES = YES;
				CLANG_WARN_SUSPICIOUS_MOVE = YES;
				CLANG_WARN_UNGUARDED_AVAILABILITY = YES_AGGRESSIVE;
				CLANG_WARN_UNREACHABLE_CODE = YES;
				CLANG_WARN__DUPLICATE_METHOD_MATCH = YES;
				COPY_PHASE_STRIP = NO;
				DEBUG_INFORMATION_FORMAT = "dwarf-with-dsym";
				ENABLE_NS_ASSERTIONS = NO;
				ENABLE_STRICT_OBJC_MSGSEND = YES;
				ENABLE_USER_SCRIPT_SANDBOXING = YES;
				GCC_C_LANGUAGE_STANDARD = gnu17;
				GCC_NO_COMMON_BLOCKS = YES;
				GCC_WARN_64_TO_32_BIT_CONVERSION = YES;
				GCC_WARN_ABOUT_RETURN_TYPE = YES_ERROR;
				GCC_WARN_UNDECLARED_SELECTOR = YES;
				GCC_WARN_UNINITIALIZED_AUTOS = YES_AGGRESSIVE;
				GCC_WARN_UNUSED_FUNCTION = YES;
				GCC_WARN_UNUSED_VARIABLE = YES;
				IPHONEOS_DEPLOYMENT_TARGET = 17.5;
				LOCALIZATION_PREFERS_STRING_CATALOGS = YES;
				MTL_ENABLE_DEBUG_INFO = NO;
				MTL_FAST_MATH = YES;
				SDKROOT = iphoneos;
				SWIFT_COMPILATION_MODE = wholemodule;
				VALIDATE_PRODUCT = YES;
			};
			name = Release;
		};
		1138AA502C7F98A00096FCC1 /* Debug */ = {
			isa = XCBuildConfiguration;
			buildSettings = {
				ALWAYS_EMBED_SWIFT_STANDARD_LIBRARIES = YES;
				ASSETCATALOG_COMPILER_APPICON_NAME = AppIcon;
				ASSETCATALOG_COMPILER_GLOBAL_ACCENT_COLOR_NAME = AccentColor;
				CODE_SIGN_STYLE = Automatic;
				CURRENT_PROJECT_VERSION = 1;
				DEVELOPMENT_ASSET_PATHS = "\"RepoWatcher/Preview Content\"";
				DEVELOPMENT_TEAM = 3V73NZLJ9A;
				ENABLE_PREVIEWS = YES;
				GENERATE_INFOPLIST_FILE = YES;
				INFOPLIST_FILE = RepoWatcher/Info.plist;
				INFOPLIST_KEY_UIApplicationSceneManifest_Generation = YES;
				INFOPLIST_KEY_UIApplicationSupportsIndirectInputEvents = YES;
				INFOPLIST_KEY_UILaunchScreen_Generation = YES;
				INFOPLIST_KEY_UISupportedInterfaceOrientations_iPad = "UIInterfaceOrientationPortrait UIInterfaceOrientationPortraitUpsideDown UIInterfaceOrientationLandscapeLeft UIInterfaceOrientationLandscapeRight";
				INFOPLIST_KEY_UISupportedInterfaceOrientations_iPhone = "UIInterfaceOrientationPortrait UIInterfaceOrientationLandscapeLeft UIInterfaceOrientationLandscapeRight";
				LD_RUNPATH_SEARCH_PATHS = (
					"$(inherited)",
					"@executable_path/Frameworks",
				);
				MARKETING_VERSION = 1.0;
				PRODUCT_BUNDLE_IDENTIFIER = com.shadatrahman.RepoWatcher;
				PRODUCT_NAME = "$(TARGET_NAME)";
				SWIFT_EMIT_LOC_STRINGS = YES;
				SWIFT_VERSION = 5.0;
				TARGETED_DEVICE_FAMILY = "1,2";
			};
			name = Debug;
		};
		1138AA512C7F98A00096FCC1 /* Release */ = {
			isa = XCBuildConfiguration;
			buildSettings = {
				ALWAYS_EMBED_SWIFT_STANDARD_LIBRARIES = YES;
				ASSETCATALOG_COMPILER_APPICON_NAME = AppIcon;
				ASSETCATALOG_COMPILER_GLOBAL_ACCENT_COLOR_NAME = AccentColor;
				CODE_SIGN_STYLE = Automatic;
				CURRENT_PROJECT_VERSION = 1;
				DEVELOPMENT_ASSET_PATHS = "\"RepoWatcher/Preview Content\"";
				DEVELOPMENT_TEAM = 3V73NZLJ9A;
				ENABLE_PREVIEWS = YES;
				GENERATE_INFOPLIST_FILE = YES;
				INFOPLIST_FILE = RepoWatcher/Info.plist;
				INFOPLIST_KEY_UIApplicationSceneManifest_Generation = YES;
				INFOPLIST_KEY_UIApplicationSupportsIndirectInputEvents = YES;
				INFOPLIST_KEY_UILaunchScreen_Generation = YES;
				INFOPLIST_KEY_UISupportedInterfaceOrientations_iPad = "UIInterfaceOrientationPortrait UIInterfaceOrientationPortraitUpsideDown UIInterfaceOrientationLandscapeLeft UIInterfaceOrientationLandscapeRight";
				INFOPLIST_KEY_UISupportedInterfaceOrientations_iPhone = "UIInterfaceOrientationPortrait UIInterfaceOrientationLandscapeLeft UIInterfaceOrientationLandscapeRight";
				LD_RUNPATH_SEARCH_PATHS = (
					"$(inherited)",
					"@executable_path/Frameworks",
				);
				MARKETING_VERSION = 1.0;
				PRODUCT_BUNDLE_IDENTIFIER = com.shadatrahman.RepoWatcher;
				PRODUCT_NAME = "$(TARGET_NAME)";
				SWIFT_EMIT_LOC_STRINGS = YES;
				SWIFT_VERSION = 5.0;
				TARGETED_DEVICE_FAMILY = "1,2";
			};
			name = Release;
		};
		1138AA682C7F98C40096FCC1 /* Debug */ = {
			isa = XCBuildConfiguration;
			buildSettings = {
				ASSETCATALOG_COMPILER_GLOBAL_ACCENT_COLOR_NAME = AccentColor;
				ASSETCATALOG_COMPILER_WIDGET_BACKGROUND_COLOR_NAME = WidgetBackground;
				CODE_SIGN_STYLE = Automatic;
				CURRENT_PROJECT_VERSION = 1;
				DEVELOPMENT_TEAM = 3V73NZLJ9A;
				GENERATE_INFOPLIST_FILE = YES;
				INFOPLIST_FILE = RepoWatcherWidget/Info.plist;
				INFOPLIST_KEY_CFBundleDisplayName = RepoWatcherWidget;
				INFOPLIST_KEY_NSHumanReadableCopyright = "";
				LD_RUNPATH_SEARCH_PATHS = (
					"$(inherited)",
					"@executable_path/Frameworks",
					"@executable_path/../../Frameworks",
				);
				MARKETING_VERSION = 1.0;
				PRODUCT_BUNDLE_IDENTIFIER = com.shadatrahman.RepoWatcher.RepoWatcherWidget;
				PRODUCT_NAME = "$(TARGET_NAME)";
				SKIP_INSTALL = YES;
				SWIFT_EMIT_LOC_STRINGS = YES;
				SWIFT_VERSION = 5.0;
				TARGETED_DEVICE_FAMILY = "1,2";
			};
			name = Debug;
		};
		1138AA692C7F98C40096FCC1 /* Release */ = {
			isa = XCBuildConfiguration;
			buildSettings = {
				ASSETCATALOG_COMPILER_GLOBAL_ACCENT_COLOR_NAME = AccentColor;
				ASSETCATALOG_COMPILER_WIDGET_BACKGROUND_COLOR_NAME = WidgetBackground;
				CODE_SIGN_STYLE = Automatic;
				CURRENT_PROJECT_VERSION = 1;
				DEVELOPMENT_TEAM = 3V73NZLJ9A;
				GENERATE_INFOPLIST_FILE = YES;
				INFOPLIST_FILE = RepoWatcherWidget/Info.plist;
				INFOPLIST_KEY_CFBundleDisplayName = RepoWatcherWidget;
				INFOPLIST_KEY_NSHumanReadableCopyright = "";
				LD_RUNPATH_SEARCH_PATHS = (
					"$(inherited)",
					"@executable_path/Frameworks",
					"@executable_path/../../Frameworks",
				);
				MARKETING_VERSION = 1.0;
				PRODUCT_BUNDLE_IDENTIFIER = com.shadatrahman.RepoWatcher.RepoWatcherWidget;
				PRODUCT_NAME = "$(TARGET_NAME)";
				SKIP_INSTALL = YES;
				SWIFT_EMIT_LOC_STRINGS = YES;
				SWIFT_VERSION = 5.0;
				TARGETED_DEVICE_FAMILY = "1,2";
			};
			name = Release;
		};
/* End XCBuildConfiguration section */

/* Begin XCConfigurationList section */
		1138AA3C2C7F989F0096FCC1 /* Build configuration list for PBXProject "RepoWatcher" */ = {
			isa = XCConfigurationList;
			buildConfigurations = (
				1138AA4D2C7F98A00096FCC1 /* Debug */,
				1138AA4E2C7F98A00096FCC1 /* Release */,
			);
			defaultConfigurationIsVisible = 0;
			defaultConfigurationName = Release;
		};
		1138AA4F2C7F98A00096FCC1 /* Build configuration list for PBXNativeTarget "RepoWatcher" */ = {
			isa = XCConfigurationList;
			buildConfigurations = (
				1138AA502C7F98A00096FCC1 /* Debug */,
				1138AA512C7F98A00096FCC1 /* Release */,
			);
			defaultConfigurationIsVisible = 0;
			defaultConfigurationName = Release;
		};
		1138AA672C7F98C40096FCC1 /* Build configuration list for PBXNativeTarget "RepoWatcherWidgetExtension" */ = {
			isa = XCConfigurationList;
			buildConfigurations = (
				1138AA682C7F98C40096FCC1 /* Debug */,
				1138AA692C7F98C40096FCC1 /* Release */,
			);
			defaultConfigurationIsVisible = 0;
			defaultConfigurationName = Release;
		};
/* End XCConfigurationList section */
	};
	rootObject = 1138AA392C7F989F0096FCC1 /* Project object */;
}
